
Microsoft Visual Studio Solution File, Format Version 12.00
# Visual Studio Version 17
VisualStudioVersion = 17.8.34330.188
MinimumVisualStudioVersion = 10.0.40219.1
Project("{9A19103F-16F7-4668-BE54-9A1E7A4F7556}") = "HumanResources.Api", "HumanResources.Api\HumanResources.Api.csproj", "{9BAC1C71-8136-4305-B3D9-E28E6593A0CA}"
EndProject
Project("{9A19103F-16F7-4668-BE54-9A1E7A4F7556}") = "HumanResources.Business", "HumanResources.Business\HumanResources.Business.csproj", "{D4138469-2EB4-4F24-A006-1327D2AF7D4F}"
EndProject
Project("{9A19103F-16F7-4668-BE54-9A1E7A4F7556}") = "HumanResources.DataAccess", "HumanResources.DataAccess\HumanResources.DataAccess.csproj", "{7E55B58A-E7F3-4884-A84C-4B82920591B9}"
EndProject
Project("{9A19103F-16F7-4668-BE54-9A1E7A4F7556}") = "HumanResources.Core", "HumanResources.Core\HumanResources.Core.csproj", "{8EE81FEE-ECCC-463A-AE29-9710EA938BCC}"
EndProject
Project("{9A19103F-16F7-4668-BE54-9A1E7A4F7556}") = "HumanResources.Data", "HumanResources.Data\HumanResources.Data.csproj", "{B4F7173B-B8D8-49B8-921F-DF86FEB13ADC}"
EndProject
Global
	GlobalSection(SolutionConfigurationPlatforms) = preSolution
		Debug|Any CPU = Debug|Any CPU
		Release|Any CPU = Release|Any CPU
	EndGlobalSection
	GlobalSection(ProjectConfigurationPlatforms) = postSolution
		{9BAC1C71-8136-4305-B3D9-E28E6593A0CA}.Debug|Any CPU.ActiveCfg = Debug|Any CPU
		{9BAC1C71-8136-4305-B3D9-E28E6593A0CA}.Debug|Any CPU.Build.0 = Debug|Any CPU
		{9BAC1C71-8136-4305-B3D9-E28E6593A0CA}.Release|Any CPU.ActiveCfg = Release|Any CPU
		{9BAC1C71-8136-4305-B3D9-E28E6593A0CA}.Release|Any CPU.Build.0 = Release|Any CPU
		{D4138469-2EB4-4F24-A006-1327D2AF7D4F}.Debug|Any CPU.ActiveCfg = Debug|Any CPU
		{D4138469-2EB4-4F24-A006-1327D2AF7D4F}.Debug|Any CPU.Build.0 = Debug|Any CPU
		{D4138469-2EB4-4F24-A006-1327D2AF7D4F}.Release|Any CPU.ActiveCfg = Release|Any CPU
		{D4138469-2EB4-4F24-A006-1327D2AF7D4F}.Release|Any CPU.Build.0 = Release|Any CPU
		{7E55B58A-E7F3-4884-A84C-4B82920591B9}.Debug|Any CPU.ActiveCfg = Debug|Any CPU
		{7E55B58A-E7F3-4884-A84C-4B82920591B9}.Debug|Any CPU.Build.0 = Debug|Any CPU
		{7E55B58A-E7F3-4884-A84C-4B82920591B9}.Release|Any CPU.ActiveCfg = Release|Any CPU
		{7E55B58A-E7F3-4884-A84C-4B82920591B9}.Release|Any CPU.Build.0 = Release|Any CPU
		{8EE81FEE-ECCC-463A-AE29-9710EA938BCC}.Debug|Any CPU.ActiveCfg = Debug|Any CPU
		{8EE81FEE-ECCC-463A-AE29-9710EA938BCC}.Debug|Any CPU.Build.0 = Debug|Any CPU
		{8EE81FEE-ECCC-463A-AE29-9710EA938BCC}.Release|Any CPU.ActiveCfg = Release|Any CPU
		{8EE81FEE-ECCC-463A-AE29-9710EA938BCC}.Release|Any CPU.Build.0 = Release|Any CPU
		{B4F7173B-B8D8-49B8-921F-DF86FEB13ADC}.Debug|Any CPU.ActiveCfg = Debug|Any CPU
		{B4F7173B-B8D8-49B8-921F-DF86FEB13ADC}.Debug|Any CPU.Build.0 = Debug|Any CPU
		{B4F7173B-B8D8-49B8-921F-DF86FEB13ADC}.Release|Any CPU.ActiveCfg = Release|Any CPU
		{B4F7173B-B8D8-49B8-921F-DF86FEB13ADC}.Release|Any CPU.Build.0 = Release|Any CPU
	EndGlobalSection
	GlobalSection(SolutionProperties) = preSolution
		HideSolutionNode = FALSE
	EndGlobalSection
	GlobalSection(ExtensibilityGlobals) = postSolution
		SolutionGuid = {C433C783-8AF5-469B-92B2-5FE6C7CABE88}
	EndGlobalSection
EndGlobal
